
Microsoft Visual Studio Solution File, Format Version 12.00
# Visual Studio Version 17
VisualStudioVersion = 17.2.32526.322
MinimumVisualStudioVersion = 10.0.40219.1
Project("{9A19103F-16F7-4668-BE54-9A1E7A4F7556}") = "BulkyBookWeb", "BulkyBookWeb\BulkyBookWeb.csproj", "{E9812FBD-25B0-4B92-B0DD-38FCFB71793A}"
EndProject
Project("{FAE04EC0-301F-11D3-BF4B-00C04F79EFBC}") = "BulkyBook.DataAccess", "BulkyBook.DataAccess\BulkyBook.DataAccess.csproj", "{79A97118-88C3-43B8-923F-1A0EC0E30BD0}"
EndProject
Project("{FAE04EC0-301F-11D3-BF4B-00C04F79EFBC}") = "BulkyBook.Models", "BulkyBook.Models\BulkyBook.Models.csproj", "{90EC455F-5A91-47A1-A391-312CE3123E5B}"
EndProject
Project("{FAE04EC0-301F-11D3-BF4B-00C04F79EFBC}") = "BulkyBook.Utility", "BulkyBook.Utility\BulkyBook.Utility.csproj", "{17DD4482-A2E6-462A-A59C-C537CA337FE1}"
EndProject
Global
	GlobalSection(SolutionConfigurationPlatforms) = preSolution
		Debug|Any CPU = Debug|Any CPU
		Release|Any CPU = Release|Any CPU
	EndGlobalSection
	GlobalSection(ProjectConfigurationPlatforms) = postSolution
		{E9812FBD-25B0-4B92-B0DD-38FCFB71793A}.Debug|Any CPU.ActiveCfg = Debug|Any CPU
		{E9812FBD-25B0-4B92-B0DD-38FCFB71793A}.Debug|Any CPU.Build.0 = Debug|Any CPU
		{E9812FBD-25B0-4B92-B0DD-38FCFB71793A}.Release|Any CPU.ActiveCfg = Release|Any CPU
		{E9812FBD-25B0-4B92-B0DD-38FCFB71793A}.Release|Any CPU.Build.0 = Release|Any CPU
		{79A97118-88C3-43B8-923F-1A0EC0E30BD0}.Debug|Any CPU.ActiveCfg = Debug|Any CPU
		{79A97118-88C3-43B8-923F-1A0EC0E30BD0}.Debug|Any CPU.Build.0 = Debug|Any CPU
		{79A97118-88C3-43B8-923F-1A0EC0E30BD0}.Release|Any CPU.ActiveCfg = Release|Any CPU
		{79A97118-88C3-43B8-923F-1A0EC0E30BD0}.Release|Any CPU.Build.0 = Release|Any CPU
		{90EC455F-5A91-47A1-A391-312CE3123E5B}.Debug|Any CPU.ActiveCfg = Debug|Any CPU
		{90EC455F-5A91-47A1-A391-312CE3123E5B}.Debug|Any CPU.Build.0 = Debug|Any CPU
		{90EC455F-5A91-47A1-A391-312CE3123E5B}.Release|Any CPU.ActiveCfg = Release|Any CPU
		{90EC455F-5A91-47A1-A391-312CE3123E5B}.Release|Any CPU.Build.0 = Release|Any CPU
		{17DD4482-A2E6-462A-A59C-C537CA337FE1}.Debug|Any CPU.ActiveCfg = Debug|Any CPU
		{17DD4482-A2E6-462A-A59C-C537CA337FE1}.Debug|Any CPU.Build.0 = Debug|Any CPU
		{17DD4482-A2E6-462A-A59C-C537CA337FE1}.Release|Any CPU.ActiveCfg = Release|Any CPU
		{17DD4482-A2E6-462A-A59C-C537CA337FE1}.Release|Any CPU.Build.0 = Release|Any CPU
	EndGlobalSection
	GlobalSection(SolutionProperties) = preSolution
		HideSolutionNode = FALSE
	EndGlobalSection
	GlobalSection(ExtensibilityGlobals) = postSolution
		SolutionGuid = {92B6927F-5C66-4825-8915-678D028AFAF2}
	EndGlobalSection
EndGlobal
